
Microsoft Visual Studio Solution File, Format Version 12.00
# Visual Studio 14
VisualStudioVersion = 14.0.25420.1
MinimumVisualStudioVersion = 10.0.40219.1
Project("{2150E333-8FDC-42A3-9474-1A3956D46DE8}") = "src", "src", "{0167A1D0-C474-47A9-8D6F-7A8A3AB3A524}"
EndProject
Project("{2150E333-8FDC-42A3-9474-1A3956D46DE8}") = "Solution Items", "Solution Items", "{A0447B16-A50C-4B2B-B57F-B51C1D22F49D}"
	ProjectSection(SolutionItems) = preProject
		global.json = global.json
	EndProjectSection
EndProject
Project("{8BB2217D-0F2D-49D1-97BC-3654ED321F3B}") = "BookStore", "src\BookStore\BookStore.xproj", "{C5314664-4675-4914-993F-1746E3CA12C3}"
EndProject
Global
	GlobalSection(SolutionConfigurationPlatforms) = preSolution
		Debug|Any CPU = Debug|Any CPU
		Release|Any CPU = Release|Any CPU
	EndGlobalSection
	GlobalSection(ProjectConfigurationPlatforms) = postSolution
		{C5314664-4675-4914-993F-1746E3CA12C3}.Debug|Any CPU.ActiveCfg = Debug|Any CPU
		{C5314664-4675-4914-993F-1746E3CA12C3}.Debug|Any CPU.Build.0 = Debug|Any CPU
		{C5314664-4675-4914-993F-1746E3CA12C3}.Release|Any CPU.ActiveCfg = Release|Any CPU
		{C5314664-4675-4914-993F-1746E3CA12C3}.Release|Any CPU.Build.0 = Release|Any CPU
	EndGlobalSection
	GlobalSection(SolutionProperties) = preSolution
		HideSolutionNode = FALSE
	EndGlobalSection
	GlobalSection(NestedProjects) = preSolution
		{C5314664-4675-4914-993F-1746E3CA12C3} = {0167A1D0-C474-47A9-8D6F-7A8A3AB3A524}
	EndGlobalSection
EndGlobal
